
Microsoft Visual Studio Solution File, Format Version 12.00
# Visual Studio 14
VisualStudioVersion = 14.0.25420.1
MinimumVisualStudioVersion = 10.0.40219.1
Project("{FAE04EC0-301F-11D3-BF4B-00C04F79EFBC}") = "Contracts", "Contracts\Contracts.csproj", "{3D12ABD7-CDE6-42F8-9275-D96491704EDD}"
EndProject
Project("{FAE04EC0-301F-11D3-BF4B-00C04F79EFBC}") = "Services", "Services\Services.csproj", "{72BBC0DF-2D72-45CD-AAB5-F36504249757}"
EndProject
Project("{FAE04EC0-301F-11D3-BF4B-00C04F79EFBC}") = "Hosting", "Hosting\Hosting.csproj", "{ECBC2424-1F43-452F-84E9-A2CDF47E1D56}"
EndProject
Project("{FAE04EC0-301F-11D3-BF4B-00C04F79EFBC}") = "Client", "Client\Client.csproj", "{3DFA2066-DD38-4E39-845E-5D7CB509FE3B}"
EndProject
Project("{2150E333-8FDC-42A3-9474-1A3956D46DE8}") = "01_HS", "01_HS", "{D057EFD6-D942-42B4-9EA5-53108093C437}"
EndProject
Project("{2150E333-8FDC-42A3-9474-1A3956D46DE8}") = "02_HS", "02_HS", "{CB5729A2-A2FD-4578-8541-2D1B8E19DBD3}"
EndProject
Project("{2150E333-8FDC-42A3-9474-1A3956D46DE8}") = "03_HS", "03_HS", "{158B1A57-A1E9-409F-B640-6841967160F9}"
EndProject
Project("{FAE04EC0-301F-11D3-BF4B-00C04F79EFBC}") = "Entity", "Entity\Entity.csproj", "{A0AD1A71-1E4D-4BB3-A7F4-A6F9C85FF406}"
EndProject
Global
	GlobalSection(SolutionConfigurationPlatforms) = preSolution
		Debug|Any CPU = Debug|Any CPU
		Release|Any CPU = Release|Any CPU
	EndGlobalSection
	GlobalSection(ProjectConfigurationPlatforms) = postSolution
		{3D12ABD7-CDE6-42F8-9275-D96491704EDD}.Debug|Any CPU.ActiveCfg = Debug|Any CPU
		{3D12ABD7-CDE6-42F8-9275-D96491704EDD}.Debug|Any CPU.Build.0 = Debug|Any CPU
		{3D12ABD7-CDE6-42F8-9275-D96491704EDD}.Release|Any CPU.ActiveCfg = Release|Any CPU
		{3D12ABD7-CDE6-42F8-9275-D96491704EDD}.Release|Any CPU.Build.0 = Release|Any CPU
		{72BBC0DF-2D72-45CD-AAB5-F36504249757}.Debug|Any CPU.ActiveCfg = Debug|Any CPU
		{72BBC0DF-2D72-45CD-AAB5-F36504249757}.Debug|Any CPU.Build.0 = Debug|Any CPU
		{72BBC0DF-2D72-45CD-AAB5-F36504249757}.Release|Any CPU.ActiveCfg = Release|Any CPU
		{72BBC0DF-2D72-45CD-AAB5-F36504249757}.Release|Any CPU.Build.0 = Release|Any CPU
		{ECBC2424-1F43-452F-84E9-A2CDF47E1D56}.Debug|Any CPU.ActiveCfg = Debug|Any CPU
		{ECBC2424-1F43-452F-84E9-A2CDF47E1D56}.Debug|Any CPU.Build.0 = Debug|Any CPU
		{ECBC2424-1F43-452F-84E9-A2CDF47E1D56}.Release|Any CPU.ActiveCfg = Release|Any CPU
		{ECBC2424-1F43-452F-84E9-A2CDF47E1D56}.Release|Any CPU.Build.0 = Release|Any CPU
		{3DFA2066-DD38-4E39-845E-5D7CB509FE3B}.Debug|Any CPU.ActiveCfg = Debug|Any CPU
		{3DFA2066-DD38-4E39-845E-5D7CB509FE3B}.Debug|Any CPU.Build.0 = Debug|Any CPU
		{3DFA2066-DD38-4E39-845E-5D7CB509FE3B}.Release|Any CPU.ActiveCfg = Release|Any CPU
		{3DFA2066-DD38-4E39-845E-5D7CB509FE3B}.Release|Any CPU.Build.0 = Release|Any CPU
		{A0AD1A71-1E4D-4BB3-A7F4-A6F9C85FF406}.Debug|Any CPU.ActiveCfg = Debug|Any CPU
		{A0AD1A71-1E4D-4BB3-A7F4-A6F9C85FF406}.Debug|Any CPU.Build.0 = Debug|Any CPU
		{A0AD1A71-1E4D-4BB3-A7F4-A6F9C85FF406}.Release|Any CPU.ActiveCfg = Release|Any CPU
		{A0AD1A71-1E4D-4BB3-A7F4-A6F9C85FF406}.Release|Any CPU.Build.0 = Release|Any CPU
	EndGlobalSection
	GlobalSection(SolutionProperties) = preSolution
		HideSolutionNode = FALSE
	EndGlobalSection
	GlobalSection(NestedProjects) = preSolution
		{3D12ABD7-CDE6-42F8-9275-D96491704EDD} = {CB5729A2-A2FD-4578-8541-2D1B8E19DBD3}
		{72BBC0DF-2D72-45CD-AAB5-F36504249757} = {158B1A57-A1E9-409F-B640-6841967160F9}
		{ECBC2424-1F43-452F-84E9-A2CDF47E1D56} = {158B1A57-A1E9-409F-B640-6841967160F9}
		{3DFA2066-DD38-4E39-845E-5D7CB509FE3B} = {D057EFD6-D942-42B4-9EA5-53108093C437}
		{A0AD1A71-1E4D-4BB3-A7F4-A6F9C85FF406} = {CB5729A2-A2FD-4578-8541-2D1B8E19DBD3}
	EndGlobalSection
EndGlobal
